
Microsoft Visual Studio Solution File, Format Version 12.00
# Visual Studio Version 16
VisualStudioVersion = 16.0.29324.140
MinimumVisualStudioVersion = 10.0.40219.1
Project("{FAE04EC0-301F-11D3-BF4B-00C04F79EFBC}") = "Blackjack", "Blackjack\Blackjack.csproj", "{AFFA5949-1EE7-45FD-A991-8BD660AAC342}"
EndProject
Global
	GlobalSection(SolutionConfigurationPlatforms) = preSolution
		Debug|Any CPU = Debug|Any CPU
		Release|Any CPU = Release|Any CPU
	EndGlobalSection
	GlobalSection(ProjectConfigurationPlatforms) = postSolution
		{AFFA5949-1EE7-45FD-A991-8BD660AAC342}.Debug|Any CPU.ActiveCfg = Debug|Any CPU
		{AFFA5949-1EE7-45FD-A991-8BD660AAC342}.Debug|Any CPU.Build.0 = Debug|Any CPU
		{AFFA5949-1EE7-45FD-A991-8BD660AAC342}.Release|Any CPU.ActiveCfg = Release|Any CPU
		{AFFA5949-1EE7-45FD-A991-8BD660AAC342}.Release|Any CPU.Build.0 = Release|Any CPU
	EndGlobalSection
	GlobalSection(SolutionProperties) = preSolution
		HideSolutionNode = FALSE
	EndGlobalSection
	GlobalSection(ExtensibilityGlobals) = postSolution
		SolutionGuid = {14BF7C08-17BA-45A6-8ED3-85D12BE3A623}
	EndGlobalSection
EndGlobal
